
Microsoft Visual Studio Solution File, Format Version 12.00
# Visual Studio Version 17
VisualStudioVersion = 17.14.36511.14 d17.14
MinimumVisualStudioVersion = 10.0.40219.1
Project("{FAE04EC0-301F-11D3-BF4B-00C04F79EFBC}") = "FFHRRequestSystem.Entitites.VietN", "FFHRRequestSystem.Entitites.VietN\FFHRRequestSystem.Entitites.VietN.csproj", "{F4A385AD-19DE-4F06-9C21-80FC507D1AB9}"
EndProject
Project("{FAE04EC0-301F-11D3-BF4B-00C04F79EFBC}") = "FFHRRequestSystem.Repositories.VietN", "FFHRRequestSystem.Repositories.VietN\FFHRRequestSystem.Repositories.VietN.csproj", "{2946DF6E-ECAA-4244-809C-84713838B7B1}"
EndProject
Project("{FAE04EC0-301F-11D3-BF4B-00C04F79EFBC}") = "FFHRRequestSystem.Services.VietN", "FFHRRequestSystem.Services.VietN\FFHRRequestSystem.Services.VietN.csproj", "{ED664ABC-B654-4C76-8CA4-EBABDC53426A}"
EndProject
Project("{FAE04EC0-301F-11D3-BF4B-00C04F79EFBC}") = "FFHRRequestSystem_RazorWebApp_VietN", "FFHRRequestSystem_RazorWebApp_VietN\FFHRRequestSystem_RazorWebApp_VietN.csproj", "{5E9F3902-27C9-4056-B35D-D883FDCDF04F}"
EndProject
Global
	GlobalSection(SolutionConfigurationPlatforms) = preSolution
		Debug|Any CPU = Debug|Any CPU
		Release|Any CPU = Release|Any CPU
	EndGlobalSection
	GlobalSection(ProjectConfigurationPlatforms) = postSolution
		{F4A385AD-19DE-4F06-9C21-80FC507D1AB9}.Debug|Any CPU.ActiveCfg = Debug|Any CPU
		{F4A385AD-19DE-4F06-9C21-80FC507D1AB9}.Debug|Any CPU.Build.0 = Debug|Any CPU
		{F4A385AD-19DE-4F06-9C21-80FC507D1AB9}.Release|Any CPU.ActiveCfg = Release|Any CPU
		{F4A385AD-19DE-4F06-9C21-80FC507D1AB9}.Release|Any CPU.Build.0 = Release|Any CPU
		{2946DF6E-ECAA-4244-809C-84713838B7B1}.Debug|Any CPU.ActiveCfg = Debug|Any CPU
		{2946DF6E-ECAA-4244-809C-84713838B7B1}.Debug|Any CPU.Build.0 = Debug|Any CPU
		{2946DF6E-ECAA-4244-809C-84713838B7B1}.Release|Any CPU.ActiveCfg = Release|Any CPU
		{2946DF6E-ECAA-4244-809C-84713838B7B1}.Release|Any CPU.Build.0 = Release|Any CPU
		{ED664ABC-B654-4C76-8CA4-EBABDC53426A}.Debug|Any CPU.ActiveCfg = Debug|Any CPU
		{ED664ABC-B654-4C76-8CA4-EBABDC53426A}.Debug|Any CPU.Build.0 = Debug|Any CPU
		{ED664ABC-B654-4C76-8CA4-EBABDC53426A}.Release|Any CPU.ActiveCfg = Release|Any CPU
		{ED664ABC-B654-4C76-8CA4-EBABDC53426A}.Release|Any CPU.Build.0 = Release|Any CPU
		{5E9F3902-27C9-4056-B35D-D883FDCDF04F}.Debug|Any CPU.ActiveCfg = Debug|Any CPU
		{5E9F3902-27C9-4056-B35D-D883FDCDF04F}.Debug|Any CPU.Build.0 = Debug|Any CPU
		{5E9F3902-27C9-4056-B35D-D883FDCDF04F}.Release|Any CPU.ActiveCfg = Release|Any CPU
		{5E9F3902-27C9-4056-B35D-D883FDCDF04F}.Release|Any CPU.Build.0 = Release|Any CPU
	EndGlobalSection
	GlobalSection(SolutionProperties) = preSolution
		HideSolutionNode = FALSE
	EndGlobalSection
	GlobalSection(ExtensibilityGlobals) = postSolution
		SolutionGuid = {5BF3F702-A8B3-48D6-B790-C46C52F49CFE}
	EndGlobalSection
EndGlobal
