
Microsoft Visual Studio Solution File, Format Version 12.00
# Visual Studio Version 17
VisualStudioVersion = 17.14.36511.14 d17.14
MinimumVisualStudioVersion = 10.0.40219.1
Project("{FAE04EC0-301F-11D3-BF4B-00C04F79EFBC}") = "ChargingManagement_NguyenViet", "ChargingManagement_NguyenViet\ChargingManagement_NguyenViet.csproj", "{8BA8352C-B002-4179-9385-E55B93E64659}"
EndProject
Project("{FAE04EC0-301F-11D3-BF4B-00C04F79EFBC}") = "ChargingManagement.Entities", "ChargingManagement.Entities\ChargingManagement.Entities.csproj", "{516CF57B-4510-44BD-95BF-F834D8A51C9E}"
EndProject
Project("{FAE04EC0-301F-11D3-BF4B-00C04F79EFBC}") = "ChargingManagement.Repositories", "ChargingManagement.Repositories\ChargingManagement.Repositories.csproj", "{40E445A3-EDA7-43C3-B02B-AD17D1D5A31B}"
EndProject
Project("{FAE04EC0-301F-11D3-BF4B-00C04F79EFBC}") = "ChargingManagement.Services", "ChargingManagement.Services\ChargingManagement.Services.csproj", "{BBAC4864-8AF4-46F2-8E16-E67728E00F47}"
EndProject
Global
	GlobalSection(SolutionConfigurationPlatforms) = preSolution
		Debug|Any CPU = Debug|Any CPU
		Release|Any CPU = Release|Any CPU
	EndGlobalSection
	GlobalSection(ProjectConfigurationPlatforms) = postSolution
		{8BA8352C-B002-4179-9385-E55B93E64659}.Debug|Any CPU.ActiveCfg = Debug|Any CPU
		{8BA8352C-B002-4179-9385-E55B93E64659}.Debug|Any CPU.Build.0 = Debug|Any CPU
		{8BA8352C-B002-4179-9385-E55B93E64659}.Release|Any CPU.ActiveCfg = Release|Any CPU
		{8BA8352C-B002-4179-9385-E55B93E64659}.Release|Any CPU.Build.0 = Release|Any CPU
		{516CF57B-4510-44BD-95BF-F834D8A51C9E}.Debug|Any CPU.ActiveCfg = Debug|Any CPU
		{516CF57B-4510-44BD-95BF-F834D8A51C9E}.Debug|Any CPU.Build.0 = Debug|Any CPU
		{516CF57B-4510-44BD-95BF-F834D8A51C9E}.Release|Any CPU.ActiveCfg = Release|Any CPU
		{516CF57B-4510-44BD-95BF-F834D8A51C9E}.Release|Any CPU.Build.0 = Release|Any CPU
		{40E445A3-EDA7-43C3-B02B-AD17D1D5A31B}.Debug|Any CPU.ActiveCfg = Debug|Any CPU
		{40E445A3-EDA7-43C3-B02B-AD17D1D5A31B}.Debug|Any CPU.Build.0 = Debug|Any CPU
		{40E445A3-EDA7-43C3-B02B-AD17D1D5A31B}.Release|Any CPU.ActiveCfg = Release|Any CPU
		{40E445A3-EDA7-43C3-B02B-AD17D1D5A31B}.Release|Any CPU.Build.0 = Release|Any CPU
		{BBAC4864-8AF4-46F2-8E16-E67728E00F47}.Debug|Any CPU.ActiveCfg = Debug|Any CPU
		{BBAC4864-8AF4-46F2-8E16-E67728E00F47}.Debug|Any CPU.Build.0 = Debug|Any CPU
		{BBAC4864-8AF4-46F2-8E16-E67728E00F47}.Release|Any CPU.ActiveCfg = Release|Any CPU
		{BBAC4864-8AF4-46F2-8E16-E67728E00F47}.Release|Any CPU.Build.0 = Release|Any CPU
	EndGlobalSection
	GlobalSection(SolutionProperties) = preSolution
		HideSolutionNode = FALSE
	EndGlobalSection
	GlobalSection(ExtensibilityGlobals) = postSolution
		SolutionGuid = {613FBC8F-F810-4694-B443-C318E88ADC70}
	EndGlobalSection
EndGlobal
